
Microsoft Visual Studio Solution File, Format Version 12.00
# Visual Studio Version 16
VisualStudioVersion = 16.0.32510.428
MinimumVisualStudioVersion = 10.0.40219.1
Project("{9A19103F-16F7-4668-BE54-9A1E7A4F7556}") = "ConsoleAppFIT", "ConsoleAppFIT\ConsoleAppFIT.csproj", "{FDC0D92A-2B39-4D3B-BB7F-21A5C229FB47}"
EndProject
Project("{9A19103F-16F7-4668-BE54-9A1E7A4F7556}") = "MovimentoBot", "MovimentoBot\MovimentoBot.csproj", "{EE197774-0DFD-47B7-9302-26F1A446D298}"
EndProject
Project("{FAE04EC0-301F-11D3-BF4B-00C04F79EFBC}") = "Palindromo", "Palindromo\Palindromo.csproj", "{373D1B77-9776-4B5C-A525-F523A119DE82}"
EndProject
Project("{FAE04EC0-301F-11D3-BF4B-00C04F79EFBC}") = "Divisao", "Divisao\Divisao.csproj", "{C285ADE1-52FD-4CC0-89D6-AD75FBC40CC5}"
EndProject
Global
	GlobalSection(SolutionConfigurationPlatforms) = preSolution
		Debug|Any CPU = Debug|Any CPU
		Release|Any CPU = Release|Any CPU
	EndGlobalSection
	GlobalSection(ProjectConfigurationPlatforms) = postSolution
		{FDC0D92A-2B39-4D3B-BB7F-21A5C229FB47}.Debug|Any CPU.ActiveCfg = Debug|Any CPU
		{FDC0D92A-2B39-4D3B-BB7F-21A5C229FB47}.Debug|Any CPU.Build.0 = Debug|Any CPU
		{FDC0D92A-2B39-4D3B-BB7F-21A5C229FB47}.Release|Any CPU.ActiveCfg = Release|Any CPU
		{FDC0D92A-2B39-4D3B-BB7F-21A5C229FB47}.Release|Any CPU.Build.0 = Release|Any CPU
		{EE197774-0DFD-47B7-9302-26F1A446D298}.Debug|Any CPU.ActiveCfg = Debug|Any CPU
		{EE197774-0DFD-47B7-9302-26F1A446D298}.Debug|Any CPU.Build.0 = Debug|Any CPU
		{EE197774-0DFD-47B7-9302-26F1A446D298}.Release|Any CPU.ActiveCfg = Release|Any CPU
		{EE197774-0DFD-47B7-9302-26F1A446D298}.Release|Any CPU.Build.0 = Release|Any CPU
		{373D1B77-9776-4B5C-A525-F523A119DE82}.Debug|Any CPU.ActiveCfg = Debug|Any CPU
		{373D1B77-9776-4B5C-A525-F523A119DE82}.Debug|Any CPU.Build.0 = Debug|Any CPU
		{373D1B77-9776-4B5C-A525-F523A119DE82}.Release|Any CPU.ActiveCfg = Release|Any CPU
		{373D1B77-9776-4B5C-A525-F523A119DE82}.Release|Any CPU.Build.0 = Release|Any CPU
		{C285ADE1-52FD-4CC0-89D6-AD75FBC40CC5}.Debug|Any CPU.ActiveCfg = Debug|Any CPU
		{C285ADE1-52FD-4CC0-89D6-AD75FBC40CC5}.Debug|Any CPU.Build.0 = Debug|Any CPU
		{C285ADE1-52FD-4CC0-89D6-AD75FBC40CC5}.Release|Any CPU.ActiveCfg = Release|Any CPU
		{C285ADE1-52FD-4CC0-89D6-AD75FBC40CC5}.Release|Any CPU.Build.0 = Release|Any CPU
	EndGlobalSection
	GlobalSection(SolutionProperties) = preSolution
		HideSolutionNode = FALSE
	EndGlobalSection
	GlobalSection(ExtensibilityGlobals) = postSolution
		SolutionGuid = {14E9A12A-42DF-4963-B5ED-E13DE3D399C8}
	EndGlobalSection
EndGlobal
